{
  "name": "Interview Samsung Web",
  "lockfileVersion": 2,
  "requires": true,
  "packages": {
    "": {
      "dependencies": {
        "@rive-app/canvas-advanced": "^1.0.94",
        "core.js": "^0.4.2",
        "nodejs": "^0.0.0"
      }
    },
    "node_modules/@rive-app/canvas-advanced": {
      "version": "1.0.94",
      "resolved": "https://registry.npmjs.org/@rive-app/canvas-advanced/-/canvas-advanced-1.0.94.tgz",
      "integrity": "sha512-wXxXUjerl7kR4fsK6dADzASoxaNnCVMnC2nZkV1bTr+baum1TSwkH+PVGzSdWav+QhOrzzYGCgbeQDp6nUzJVw=="
    },
    "node_modules/core.js": {
      "version": "0.4.2",
      "resolved": "https://registry.npmjs.org/core.js/-/core.js-0.4.2.tgz",
      "integrity": "sha512-EBs3YS8W5Huv95f/RaRNI+Hi7xHsMC7G6xT7zpKlHcFTq63AnngJAEV6XWRlrh0VIVObmcU79CeF7tGm0D+jkw==",
      "dependencies": {
        "underscore": "*",
        "underscore.string": "*"
      }
    },
    "node_modules/nodejs": {
      "version": "0.0.0",
      "resolved": "https://registry.npmjs.org/nodejs/-/nodejs-0.0.0.tgz",
      "integrity": "sha512-1V+0HwaB/dhxzidEFc4uJ3k52gLI4B6YBZgJIofjwYCSAkD6CI0me6TDBT2QM2nbGWNxCHcq9/wVynzQYZOhUg=="
    },
    "node_modules/sprintf-js": {
      "version": "1.1.2",
      "resolved": "https://registry.npmjs.org/sprintf-js/-/sprintf-js-1.1.2.tgz",
      "integrity": "sha512-VE0SOVEHCk7Qc8ulkWw3ntAzXuqf7S2lvwQaDLRnUeIEaKNQJzV6BwmLKhOqT61aGhfUMrXeaBk+oDGCzvhcug=="
    },
    "node_modules/underscore": {
      "version": "1.13.6",
      "resolved": "https://registry.npmjs.org/underscore/-/underscore-1.13.6.tgz",
      "integrity": "sha512-+A5Sja4HP1M08MaXya7p5LvjuM7K6q/2EaC0+iovj/wOcMsTzMvDFbasi/oSapiwOlt252IqsKqPjCl7huKS0A=="
    },
    "node_modules/underscore.string": {
      "version": "3.3.6",
      "resolved": "https://registry.npmjs.org/underscore.string/-/underscore.string-3.3.6.tgz",
      "integrity": "sha512-VoC83HWXmCrF6rgkyxS9GHv8W9Q5nhMKho+OadDJGzL2oDYbYEppBaCMH6pFlwLeqj2QS+hhkw2kpXkSdD1JxQ==",
      "dependencies": {
        "sprintf-js": "^1.1.1",
        "util-deprecate": "^1.0.2"
      },
      "engines": {
        "node": "*"
      }
    },
    "node_modules/util-deprecate": {
      "version": "1.0.2",
      "resolved": "https://registry.npmjs.org/util-deprecate/-/util-deprecate-1.0.2.tgz",
      "integrity": "sha512-EPD5q1uXyFxJpCrLnCc1nHnq3gOa6DZBocAIiI2TaSCA7VCJ1UJDMagCzIkXNsUYfD1daK//LTEQ8xiIbrHtcw=="
    }
  },
  "dependencies": {
    "@rive-app/canvas-advanced": {
      "version": "1.0.94",
      "resolved": "https://registry.npmjs.org/@rive-app/canvas-advanced/-/canvas-advanced-1.0.94.tgz",
      "integrity": "sha512-wXxXUjerl7kR4fsK6dADzASoxaNnCVMnC2nZkV1bTr+baum1TSwkH+PVGzSdWav+QhOrzzYGCgbeQDp6nUzJVw=="
    },
    "core.js": {
      "version": "0.4.2",
      "resolved": "https://registry.npmjs.org/core.js/-/core.js-0.4.2.tgz",
      "integrity": "sha512-EBs3YS8W5Huv95f/RaRNI+Hi7xHsMC7G6xT7zpKlHcFTq63AnngJAEV6XWRlrh0VIVObmcU79CeF7tGm0D+jkw==",
      "requires": {
        "underscore": "*",
        "underscore.string": "*"
      }
    },
    "nodejs": {
      "version": "0.0.0",
      "resolved": "https://registry.npmjs.org/nodejs/-/nodejs-0.0.0.tgz",
      "integrity": "sha512-1V+0HwaB/dhxzidEFc4uJ3k52gLI4B6YBZgJIofjwYCSAkD6CI0me6TDBT2QM2nbGWNxCHcq9/wVynzQYZOhUg=="
    },
    "sprintf-js": {
      "version": "1.1.2",
      "resolved": "https://registry.npmjs.org/sprintf-js/-/sprintf-js-1.1.2.tgz",
      "integrity": "sha512-VE0SOVEHCk7Qc8ulkWw3ntAzXuqf7S2lvwQaDLRnUeIEaKNQJzV6BwmLKhOqT61aGhfUMrXeaBk+oDGCzvhcug=="
    },
    "underscore": {
      "version": "1.13.6",
      "resolved": "https://registry.npmjs.org/underscore/-/underscore-1.13.6.tgz",
      "integrity": "sha512-+A5Sja4HP1M08MaXya7p5LvjuM7K6q/2EaC0+iovj/wOcMsTzMvDFbasi/oSapiwOlt252IqsKqPjCl7huKS0A=="
    },
    "underscore.string": {
      "version": "3.3.6",
      "resolved": "https://registry.npmjs.org/underscore.string/-/underscore.string-3.3.6.tgz",
      "integrity": "sha512-VoC83HWXmCrF6rgkyxS9GHv8W9Q5nhMKho+OadDJGzL2oDYbYEppBaCMH6pFlwLeqj2QS+hhkw2kpXkSdD1JxQ==",
      "requires": {
        "sprintf-js": "^1.1.1",
        "util-deprecate": "^1.0.2"
      }
    },
    "util-deprecate": {
      "version": "1.0.2",
      "resolved": "https://registry.npmjs.org/util-deprecate/-/util-deprecate-1.0.2.tgz",
      "integrity": "sha512-EPD5q1uXyFxJpCrLnCc1nHnq3gOa6DZBocAIiI2TaSCA7VCJ1UJDMagCzIkXNsUYfD1daK//LTEQ8xiIbrHtcw=="
    }
  }
}
